
Microsoft Visual Studio Solution File, Format Version 12.00
# Visual Studio Version 17
VisualStudioVersion = 17.0.31903.59
MinimumVisualStudioVersion = 10.0.40219.1
Project("{9A19103F-16F7-4668-BE54-9A1E7A4F7556}") = "Abhyanvaya.API", "Abhyanvaya.API\Abhyanvaya.API.csproj", "{C130C184-42D0-4EB3-B1CA-5DB5B236AEA7}"
EndProject
Project("{9A19103F-16F7-4668-BE54-9A1E7A4F7556}") = "Abhyanvaya.Application", "Abhyanvaya.Application\Abhyanvaya.Application.csproj", "{701990F7-4BE8-4953-9EC3-CAEB66402F74}"
EndProject
Project("{9A19103F-16F7-4668-BE54-9A1E7A4F7556}") = "Abhyanvaya.Domain", "Abhyanvaya.Domain\Abhyanvaya.Domain.csproj", "{8815BF5E-9CC8-49CF-AC1C-84C20A94EAB8}"
EndProject
Project("{9A19103F-16F7-4668-BE54-9A1E7A4F7556}") = "Abhyanvaya.Infrastructure", "Abhyanvaya.Infrastructure\Abhyanvaya.Infrastructure.csproj", "{5DD60003-D222-432C-A9E3-50D9045F5625}"
EndProject
Global
	GlobalSection(SolutionConfigurationPlatforms) = preSolution
		Debug|Any CPU = Debug|Any CPU
		Release|Any CPU = Release|Any CPU
	EndGlobalSection
	GlobalSection(ProjectConfigurationPlatforms) = postSolution
		{C130C184-42D0-4EB3-B1CA-5DB5B236AEA7}.Debug|Any CPU.ActiveCfg = Debug|Any CPU
		{C130C184-42D0-4EB3-B1CA-5DB5B236AEA7}.Debug|Any CPU.Build.0 = Debug|Any CPU
		{C130C184-42D0-4EB3-B1CA-5DB5B236AEA7}.Release|Any CPU.ActiveCfg = Release|Any CPU
		{C130C184-42D0-4EB3-B1CA-5DB5B236AEA7}.Release|Any CPU.Build.0 = Release|Any CPU
		{701990F7-4BE8-4953-9EC3-CAEB66402F74}.Debug|Any CPU.ActiveCfg = Debug|Any CPU
		{701990F7-4BE8-4953-9EC3-CAEB66402F74}.Debug|Any CPU.Build.0 = Debug|Any CPU
		{701990F7-4BE8-4953-9EC3-CAEB66402F74}.Release|Any CPU.ActiveCfg = Release|Any CPU
		{701990F7-4BE8-4953-9EC3-CAEB66402F74}.Release|Any CPU.Build.0 = Release|Any CPU
		{8815BF5E-9CC8-49CF-AC1C-84C20A94EAB8}.Debug|Any CPU.ActiveCfg = Debug|Any CPU
		{8815BF5E-9CC8-49CF-AC1C-84C20A94EAB8}.Debug|Any CPU.Build.0 = Debug|Any CPU
		{8815BF5E-9CC8-49CF-AC1C-84C20A94EAB8}.Release|Any CPU.ActiveCfg = Release|Any CPU
		{8815BF5E-9CC8-49CF-AC1C-84C20A94EAB8}.Release|Any CPU.Build.0 = Release|Any CPU
		{5DD60003-D222-432C-A9E3-50D9045F5625}.Debug|Any CPU.ActiveCfg = Debug|Any CPU
		{5DD60003-D222-432C-A9E3-50D9045F5625}.Debug|Any CPU.Build.0 = Debug|Any CPU
		{5DD60003-D222-432C-A9E3-50D9045F5625}.Release|Any CPU.ActiveCfg = Release|Any CPU
		{5DD60003-D222-432C-A9E3-50D9045F5625}.Release|Any CPU.Build.0 = Release|Any CPU
	EndGlobalSection
	GlobalSection(SolutionProperties) = preSolution
		HideSolutionNode = FALSE
	EndGlobalSection
	GlobalSection(ExtensibilityGlobals) = postSolution
		SolutionGuid = {A0FF1E71-2C2A-4B2D-BF75-FFDA0CE68C98}
	EndGlobalSection
EndGlobal
